
Microsoft Visual Studio Solution File, Format Version 12.00
# Visual Studio Version 16
VisualStudioVersion = 16.0.31702.278
MinimumVisualStudioVersion = 10.0.40219.1
Project("{FAE04EC0-301F-11D3-BF4B-00C04F79EFBC}") = "Sistema_Vacunas", "Sistema_Vacunas\Sistema_Vacunas.csproj", "{E799960C-F888-40BB-BD3C-89AF33AA17E3}"
EndProject
Global
	GlobalSection(SolutionConfigurationPlatforms) = preSolution
		Debug|Any CPU = Debug|Any CPU
		Release|Any CPU = Release|Any CPU
	EndGlobalSection
	GlobalSection(ProjectConfigurationPlatforms) = postSolution
		{E799960C-F888-40BB-BD3C-89AF33AA17E3}.Debug|Any CPU.ActiveCfg = Debug|Any CPU
		{E799960C-F888-40BB-BD3C-89AF33AA17E3}.Debug|Any CPU.Build.0 = Debug|Any CPU
		{E799960C-F888-40BB-BD3C-89AF33AA17E3}.Release|Any CPU.ActiveCfg = Release|Any CPU
		{E799960C-F888-40BB-BD3C-89AF33AA17E3}.Release|Any CPU.Build.0 = Release|Any CPU
	EndGlobalSection
	GlobalSection(SolutionProperties) = preSolution
		HideSolutionNode = FALSE
	EndGlobalSection
	GlobalSection(ExtensibilityGlobals) = postSolution
		SolutionGuid = {6FE6C4A4-1024-4435-8EB2-34906D6626B7}
	EndGlobalSection
EndGlobal
